
Microsoft Visual Studio Solution File, Format Version 12.00
# Visual Studio Version 17
VisualStudioVersion = 17.11.35327.3
MinimumVisualStudioVersion = 10.0.40219.1
Project("{9A19103F-16F7-4668-BE54-9A1E7A4F7556}") = "MiHome.Net", "MiHome.NET\MiHome.Net\MiHome.Net.csproj", "{DEEC4B36-6CD1-4DD9-80EF-AC63B7C05A08}"
EndProject
Project("{FAE04EC0-301F-11D3-BF4B-00C04F79EFBC}") = "FTFR.WEB", "FTFR.WEB\FTFR.WEB.csproj", "{F713E6C6-5389-42CC-837E-9D7AF714C063}"
EndProject
Global
	GlobalSection(SolutionConfigurationPlatforms) = preSolution
		Debug|Any CPU = Debug|Any CPU
		Release|Any CPU = Release|Any CPU
	EndGlobalSection
	GlobalSection(ProjectConfigurationPlatforms) = postSolution
		{DEEC4B36-6CD1-4DD9-80EF-AC63B7C05A08}.Debug|Any CPU.ActiveCfg = Debug|Any CPU
		{DEEC4B36-6CD1-4DD9-80EF-AC63B7C05A08}.Debug|Any CPU.Build.0 = Debug|Any CPU
		{DEEC4B36-6CD1-4DD9-80EF-AC63B7C05A08}.Release|Any CPU.ActiveCfg = Release|Any CPU
		{DEEC4B36-6CD1-4DD9-80EF-AC63B7C05A08}.Release|Any CPU.Build.0 = Release|Any CPU
		{F713E6C6-5389-42CC-837E-9D7AF714C063}.Debug|Any CPU.ActiveCfg = Debug|Any CPU
		{F713E6C6-5389-42CC-837E-9D7AF714C063}.Debug|Any CPU.Build.0 = Debug|Any CPU
		{F713E6C6-5389-42CC-837E-9D7AF714C063}.Release|Any CPU.ActiveCfg = Release|Any CPU
		{F713E6C6-5389-42CC-837E-9D7AF714C063}.Release|Any CPU.Build.0 = Release|Any CPU
	EndGlobalSection
	GlobalSection(SolutionProperties) = preSolution
		HideSolutionNode = FALSE
	EndGlobalSection
	GlobalSection(ExtensibilityGlobals) = postSolution
		SolutionGuid = {B7D5EB82-1EDF-4188-9274-ED5202A23726}
	EndGlobalSection
EndGlobal
